
Microsoft Visual Studio Solution File, Format Version 12.00
# Visual Studio Version 17
VisualStudioVersion = 17.0.31903.59
MinimumVisualStudioVersion = 10.0.40219.1
Project("{2150E333-8FDC-42A3-9474-1A3956D46DE8}") = "src", "src", "{827E0CD3-B72D-47B6-A68D-7590B98EB39B}"
EndProject
Project("{2150E333-8FDC-42A3-9474-1A3956D46DE8}") = "client", "client", "{C5A3B5EA-BE9F-76E5-E9B8-8A22B289B295}"
EndProject
Project("{2150E333-8FDC-42A3-9474-1A3956D46DE8}") = "managed", "managed", "{C53F926E-EF29-395D-66B6-043B6FE31570}"
EndProject
Project("{FAE04EC0-301F-11D3-BF4B-00C04F79EFBC}") = "RemoteSupport.Application", "src\client\managed\RemoteSupport.Application\RemoteSupport.Application.csproj", "{D883B493-5A57-46A1-80E8-F5BEF21B0AE3}"
EndProject
Project("{FAE04EC0-301F-11D3-BF4B-00C04F79EFBC}") = "RemoteSupport.Domain", "src\client\managed\RemoteSupport.Domain\RemoteSupport.Domain.csproj", "{61601BE2-3F22-4E1E-B8FB-FA55CF0C6984}"
EndProject
Project("{FAE04EC0-301F-11D3-BF4B-00C04F79EFBC}") = "RemoteSupport.Infrastructure", "src\client\managed\RemoteSupport.Infrastructure\RemoteSupport.Infrastructure.csproj", "{85E1F352-B0C1-4D3F-B06D-1DA6AF325208}"
EndProject
Project("{FAE04EC0-301F-11D3-BF4B-00C04F79EFBC}") = "RemoteSupport.Ipc", "src\client\managed\RemoteSupport.Ipc\RemoteSupport.Ipc.csproj", "{9C00C25A-F51A-44BF-9413-B34E7C68DD81}"
EndProject
Project("{FAE04EC0-301F-11D3-BF4B-00C04F79EFBC}") = "RemoteSupport.Observability", "src\client\managed\RemoteSupport.Observability\RemoteSupport.Observability.csproj", "{5A15E2A1-C6E7-4ABA-A527-CA79F9A125E7}"
EndProject
Project("{FAE04EC0-301F-11D3-BF4B-00C04F79EFBC}") = "RemoteSupport.Protocol", "src\client\managed\RemoteSupport.Protocol\RemoteSupport.Protocol.csproj", "{781FC18C-0638-457C-A11A-BEF4C0761143}"
EndProject
Project("{FAE04EC0-301F-11D3-BF4B-00C04F79EFBC}") = "RemoteSupport.Security", "src\client\managed\RemoteSupport.Security\RemoteSupport.Security.csproj", "{694FC6EE-2FA6-4B03-A0D0-6E8DF07C3900}"
EndProject
Project("{FAE04EC0-301F-11D3-BF4B-00C04F79EFBC}") = "RemoteSupport.Testing", "src\client\managed\RemoteSupport.Testing\RemoteSupport.Testing.csproj", "{99AB5269-F7DF-4A86-9AB4-F6FBEBB05615}"
EndProject
Project("{2150E333-8FDC-42A3-9474-1A3956D46DE8}") = "shared-contracts", "shared-contracts", "{50D04F13-400F-F4B4-D821-45A7B8E614AA}"
EndProject
Project("{FAE04EC0-301F-11D3-BF4B-00C04F79EFBC}") = "RemoteSupport.Contracts", "src\shared-contracts\RemoteSupport.Contracts\RemoteSupport.Contracts.csproj", "{0B5A866D-F688-45B2-9053-FA416B9425A2}"
EndProject
Project("{2150E333-8FDC-42A3-9474-1A3956D46DE8}") = "tests", "tests", "{0AB3BF05-4346-4AA6-1389-037BE0695223}"
EndProject
Project("{FAE04EC0-301F-11D3-BF4B-00C04F79EFBC}") = "RemoteSupport.ArchitectureTests", "tests\RemoteSupport.ArchitectureTests\RemoteSupport.ArchitectureTests.csproj", "{8335329A-221F-43E4-8952-0DCD3CAB3EF2}"
EndProject
Project("{FAE04EC0-301F-11D3-BF4B-00C04F79EFBC}") = "RemoteSupport.ContractTests", "tests\RemoteSupport.ContractTests\RemoteSupport.ContractTests.csproj", "{F23D3AFE-1E3B-4B24-8D32-9BC596E02B80}"
EndProject
Project("{FAE04EC0-301F-11D3-BF4B-00C04F79EFBC}") = "RemoteSupport.UnitTests", "tests\RemoteSupport.UnitTests\RemoteSupport.UnitTests.csproj", "{71E3FC2C-A41F-45EF-9B96-2503A0220FD8}"
EndProject
Global
	GlobalSection(SolutionConfigurationPlatforms) = preSolution
		Debug|Any CPU = Debug|Any CPU
		Debug|x64 = Debug|x64
		Debug|x86 = Debug|x86
		Release|Any CPU = Release|Any CPU
		Release|x64 = Release|x64
		Release|x86 = Release|x86
	EndGlobalSection
	GlobalSection(ProjectConfigurationPlatforms) = postSolution
		{D883B493-5A57-46A1-80E8-F5BEF21B0AE3}.Debug|Any CPU.ActiveCfg = Debug|Any CPU
		{D883B493-5A57-46A1-80E8-F5BEF21B0AE3}.Debug|Any CPU.Build.0 = Debug|Any CPU
		{D883B493-5A57-46A1-80E8-F5BEF21B0AE3}.Debug|x64.ActiveCfg = Debug|Any CPU
		{D883B493-5A57-46A1-80E8-F5BEF21B0AE3}.Debug|x64.Build.0 = Debug|Any CPU
		{D883B493-5A57-46A1-80E8-F5BEF21B0AE3}.Debug|x86.ActiveCfg = Debug|Any CPU
		{D883B493-5A57-46A1-80E8-F5BEF21B0AE3}.Debug|x86.Build.0 = Debug|Any CPU
		{D883B493-5A57-46A1-80E8-F5BEF21B0AE3}.Release|Any CPU.ActiveCfg = Release|Any CPU
		{D883B493-5A57-46A1-80E8-F5BEF21B0AE3}.Release|Any CPU.Build.0 = Release|Any CPU
		{D883B493-5A57-46A1-80E8-F5BEF21B0AE3}.Release|x64.ActiveCfg = Release|Any CPU
		{D883B493-5A57-46A1-80E8-F5BEF21B0AE3}.Release|x64.Build.0 = Release|Any CPU
		{D883B493-5A57-46A1-80E8-F5BEF21B0AE3}.Release|x86.ActiveCfg = Release|Any CPU
		{D883B493-5A57-46A1-80E8-F5BEF21B0AE3}.Release|x86.Build.0 = Release|Any CPU
		{61601BE2-3F22-4E1E-B8FB-FA55CF0C6984}.Debug|Any CPU.ActiveCfg = Debug|Any CPU
		{61601BE2-3F22-4E1E-B8FB-FA55CF0C6984}.Debug|Any CPU.Build.0 = Debug|Any CPU
		{61601BE2-3F22-4E1E-B8FB-FA55CF0C6984}.Debug|x64.ActiveCfg = Debug|Any CPU
		{61601BE2-3F22-4E1E-B8FB-FA55CF0C6984}.Debug|x64.Build.0 = Debug|Any CPU
		{61601BE2-3F22-4E1E-B8FB-FA55CF0C6984}.Debug|x86.ActiveCfg = Debug|Any CPU
		{61601BE2-3F22-4E1E-B8FB-FA55CF0C6984}.Debug|x86.Build.0 = Debug|Any CPU
		{61601BE2-3F22-4E1E-B8FB-FA55CF0C6984}.Release|Any CPU.ActiveCfg = Release|Any CPU
		{61601BE2-3F22-4E1E-B8FB-FA55CF0C6984}.Release|Any CPU.Build.0 = Release|Any CPU
		{61601BE2-3F22-4E1E-B8FB-FA55CF0C6984}.Release|x64.ActiveCfg = Release|Any CPU
		{61601BE2-3F22-4E1E-B8FB-FA55CF0C6984}.Release|x64.Build.0 = Release|Any CPU
		{61601BE2-3F22-4E1E-B8FB-FA55CF0C6984}.Release|x86.ActiveCfg = Release|Any CPU
		{61601BE2-3F22-4E1E-B8FB-FA55CF0C6984}.Release|x86.Build.0 = Release|Any CPU
		{85E1F352-B0C1-4D3F-B06D-1DA6AF325208}.Debug|Any CPU.ActiveCfg = Debug|Any CPU
		{85E1F352-B0C1-4D3F-B06D-1DA6AF325208}.Debug|Any CPU.Build.0 = Debug|Any CPU
		{85E1F352-B0C1-4D3F-B06D-1DA6AF325208}.Debug|x64.ActiveCfg = Debug|Any CPU
		{85E1F352-B0C1-4D3F-B06D-1DA6AF325208}.Debug|x64.Build.0 = Debug|Any CPU
		{85E1F352-B0C1-4D3F-B06D-1DA6AF325208}.Debug|x86.ActiveCfg = Debug|Any CPU
		{85E1F352-B0C1-4D3F-B06D-1DA6AF325208}.Debug|x86.Build.0 = Debug|Any CPU
		{85E1F352-B0C1-4D3F-B06D-1DA6AF325208}.Release|Any CPU.ActiveCfg = Release|Any CPU
		{85E1F352-B0C1-4D3F-B06D-1DA6AF325208}.Release|Any CPU.Build.0 = Release|Any CPU
		{85E1F352-B0C1-4D3F-B06D-1DA6AF325208}.Release|x64.ActiveCfg = Release|Any CPU
		{85E1F352-B0C1-4D3F-B06D-1DA6AF325208}.Release|x64.Build.0 = Release|Any CPU
		{85E1F352-B0C1-4D3F-B06D-1DA6AF325208}.Release|x86.ActiveCfg = Release|Any CPU
		{85E1F352-B0C1-4D3F-B06D-1DA6AF325208}.Release|x86.Build.0 = Release|Any CPU
		{9C00C25A-F51A-44BF-9413-B34E7C68DD81}.Debug|Any CPU.ActiveCfg = Debug|Any CPU
		{9C00C25A-F51A-44BF-9413-B34E7C68DD81}.Debug|Any CPU.Build.0 = Debug|Any CPU
		{9C00C25A-F51A-44BF-9413-B34E7C68DD81}.Debug|x64.ActiveCfg = Debug|Any CPU
		{9C00C25A-F51A-44BF-9413-B34E7C68DD81}.Debug|x64.Build.0 = Debug|Any CPU
		{9C00C25A-F51A-44BF-9413-B34E7C68DD81}.Debug|x86.ActiveCfg = Debug|Any CPU
		{9C00C25A-F51A-44BF-9413-B34E7C68DD81}.Debug|x86.Build.0 = Debug|Any CPU
		{9C00C25A-F51A-44BF-9413-B34E7C68DD81}.Release|Any CPU.ActiveCfg = Release|Any CPU
		{9C00C25A-F51A-44BF-9413-B34E7C68DD81}.Release|Any CPU.Build.0 = Release|Any CPU
		{9C00C25A-F51A-44BF-9413-B34E7C68DD81}.Release|x64.ActiveCfg = Release|Any CPU
		{9C00C25A-F51A-44BF-9413-B34E7C68DD81}.Release|x64.Build.0 = Release|Any CPU
		{9C00C25A-F51A-44BF-9413-B34E7C68DD81}.Release|x86.ActiveCfg = Release|Any CPU
		{9C00C25A-F51A-44BF-9413-B34E7C68DD81}.Release|x86.Build.0 = Release|Any CPU
		{5A15E2A1-C6E7-4ABA-A527-CA79F9A125E7}.Debug|Any CPU.ActiveCfg = Debug|Any CPU
		{5A15E2A1-C6E7-4ABA-A527-CA79F9A125E7}.Debug|Any CPU.Build.0 = Debug|Any CPU
		{5A15E2A1-C6E7-4ABA-A527-CA79F9A125E7}.Debug|x64.ActiveCfg = Debug|Any CPU
		{5A15E2A1-C6E7-4ABA-A527-CA79F9A125E7}.Debug|x64.Build.0 = Debug|Any CPU
		{5A15E2A1-C6E7-4ABA-A527-CA79F9A125E7}.Debug|x86.ActiveCfg = Debug|Any CPU
		{5A15E2A1-C6E7-4ABA-A527-CA79F9A125E7}.Debug|x86.Build.0 = Debug|Any CPU
		{5A15E2A1-C6E7-4ABA-A527-CA79F9A125E7}.Release|Any CPU.ActiveCfg = Release|Any CPU
		{5A15E2A1-C6E7-4ABA-A527-CA79F9A125E7}.Release|Any CPU.Build.0 = Release|Any CPU
		{5A15E2A1-C6E7-4ABA-A527-CA79F9A125E7}.Release|x64.ActiveCfg = Release|Any CPU
		{5A15E2A1-C6E7-4ABA-A527-CA79F9A125E7}.Release|x64.Build.0 = Release|Any CPU
		{5A15E2A1-C6E7-4ABA-A527-CA79F9A125E7}.Release|x86.ActiveCfg = Release|Any CPU
		{5A15E2A1-C6E7-4ABA-A527-CA79F9A125E7}.Release|x86.Build.0 = Release|Any CPU
		{781FC18C-0638-457C-A11A-BEF4C0761143}.Debug|Any CPU.ActiveCfg = Debug|Any CPU
		{781FC18C-0638-457C-A11A-BEF4C0761143}.Debug|Any CPU.Build.0 = Debug|Any CPU
		{781FC18C-0638-457C-A11A-BEF4C0761143}.Debug|x64.ActiveCfg = Debug|Any CPU
		{781FC18C-0638-457C-A11A-BEF4C0761143}.Debug|x64.Build.0 = Debug|Any CPU
		{781FC18C-0638-457C-A11A-BEF4C0761143}.Debug|x86.ActiveCfg = Debug|Any CPU
		{781FC18C-0638-457C-A11A-BEF4C0761143}.Debug|x86.Build.0 = Debug|Any CPU
		{781FC18C-0638-457C-A11A-BEF4C0761143}.Release|Any CPU.ActiveCfg = Release|Any CPU
		{781FC18C-0638-457C-A11A-BEF4C0761143}.Release|Any CPU.Build.0 = Release|Any CPU
		{781FC18C-0638-457C-A11A-BEF4C0761143}.Release|x64.ActiveCfg = Release|Any CPU
		{781FC18C-0638-457C-A11A-BEF4C0761143}.Release|x64.Build.0 = Release|Any CPU
		{781FC18C-0638-457C-A11A-BEF4C0761143}.Release|x86.ActiveCfg = Release|Any CPU
		{781FC18C-0638-457C-A11A-BEF4C0761143}.Release|x86.Build.0 = Release|Any CPU
		{694FC6EE-2FA6-4B03-A0D0-6E8DF07C3900}.Debug|Any CPU.ActiveCfg = Debug|Any CPU
		{694FC6EE-2FA6-4B03-A0D0-6E8DF07C3900}.Debug|Any CPU.Build.0 = Debug|Any CPU
		{694FC6EE-2FA6-4B03-A0D0-6E8DF07C3900}.Debug|x64.ActiveCfg = Debug|Any CPU
		{694FC6EE-2FA6-4B03-A0D0-6E8DF07C3900}.Debug|x64.Build.0 = Debug|Any CPU
		{694FC6EE-2FA6-4B03-A0D0-6E8DF07C3900}.Debug|x86.ActiveCfg = Debug|Any CPU
		{694FC6EE-2FA6-4B03-A0D0-6E8DF07C3900}.Debug|x86.Build.0 = Debug|Any CPU
		{694FC6EE-2FA6-4B03-A0D0-6E8DF07C3900}.Release|Any CPU.ActiveCfg = Release|Any CPU
		{694FC6EE-2FA6-4B03-A0D0-6E8DF07C3900}.Release|Any CPU.Build.0 = Release|Any CPU
		{694FC6EE-2FA6-4B03-A0D0-6E8DF07C3900}.Release|x64.ActiveCfg = Release|Any CPU
		{694FC6EE-2FA6-4B03-A0D0-6E8DF07C3900}.Release|x64.Build.0 = Release|Any CPU
		{694FC6EE-2FA6-4B03-A0D0-6E8DF07C3900}.Release|x86.ActiveCfg = Release|Any CPU
		{694FC6EE-2FA6-4B03-A0D0-6E8DF07C3900}.Release|x86.Build.0 = Release|Any CPU
		{99AB5269-F7DF-4A86-9AB4-F6FBEBB05615}.Debug|Any CPU.ActiveCfg = Debug|Any CPU
		{99AB5269-F7DF-4A86-9AB4-F6FBEBB05615}.Debug|Any CPU.Build.0 = Debug|Any CPU
		{99AB5269-F7DF-4A86-9AB4-F6FBEBB05615}.Debug|x64.ActiveCfg = Debug|Any CPU
		{99AB5269-F7DF-4A86-9AB4-F6FBEBB05615}.Debug|x64.Build.0 = Debug|Any CPU
		{99AB5269-F7DF-4A86-9AB4-F6FBEBB05615}.Debug|x86.ActiveCfg = Debug|Any CPU
		{99AB5269-F7DF-4A86-9AB4-F6FBEBB05615}.Debug|x86.Build.0 = Debug|Any CPU
		{99AB5269-F7DF-4A86-9AB4-F6FBEBB05615}.Release|Any CPU.ActiveCfg = Release|Any CPU
		{99AB5269-F7DF-4A86-9AB4-F6FBEBB05615}.Release|Any CPU.Build.0 = Release|Any CPU
		{99AB5269-F7DF-4A86-9AB4-F6FBEBB05615}.Release|x64.ActiveCfg = Release|Any CPU
		{99AB5269-F7DF-4A86-9AB4-F6FBEBB05615}.Release|x64.Build.0 = Release|Any CPU
		{99AB5269-F7DF-4A86-9AB4-F6FBEBB05615}.Release|x86.ActiveCfg = Release|Any CPU
		{99AB5269-F7DF-4A86-9AB4-F6FBEBB05615}.Release|x86.Build.0 = Release|Any CPU
		{0B5A866D-F688-45B2-9053-FA416B9425A2}.Debug|Any CPU.ActiveCfg = Debug|Any CPU
		{0B5A866D-F688-45B2-9053-FA416B9425A2}.Debug|Any CPU.Build.0 = Debug|Any CPU
		{0B5A866D-F688-45B2-9053-FA416B9425A2}.Debug|x64.ActiveCfg = Debug|Any CPU
		{0B5A866D-F688-45B2-9053-FA416B9425A2}.Debug|x64.Build.0 = Debug|Any CPU
		{0B5A866D-F688-45B2-9053-FA416B9425A2}.Debug|x86.ActiveCfg = Debug|Any CPU
		{0B5A866D-F688-45B2-9053-FA416B9425A2}.Debug|x86.Build.0 = Debug|Any CPU
		{0B5A866D-F688-45B2-9053-FA416B9425A2}.Release|Any CPU.ActiveCfg = Release|Any CPU
		{0B5A866D-F688-45B2-9053-FA416B9425A2}.Release|Any CPU.Build.0 = Release|Any CPU
		{0B5A866D-F688-45B2-9053-FA416B9425A2}.Release|x64.ActiveCfg = Release|Any CPU
		{0B5A866D-F688-45B2-9053-FA416B9425A2}.Release|x64.Build.0 = Release|Any CPU
		{0B5A866D-F688-45B2-9053-FA416B9425A2}.Release|x86.ActiveCfg = Release|Any CPU
		{0B5A866D-F688-45B2-9053-FA416B9425A2}.Release|x86.Build.0 = Release|Any CPU
		{8335329A-221F-43E4-8952-0DCD3CAB3EF2}.Debug|Any CPU.ActiveCfg = Debug|Any CPU
		{8335329A-221F-43E4-8952-0DCD3CAB3EF2}.Debug|Any CPU.Build.0 = Debug|Any CPU
		{8335329A-221F-43E4-8952-0DCD3CAB3EF2}.Debug|x64.ActiveCfg = Debug|Any CPU
		{8335329A-221F-43E4-8952-0DCD3CAB3EF2}.Debug|x64.Build.0 = Debug|Any CPU
		{8335329A-221F-43E4-8952-0DCD3CAB3EF2}.Debug|x86.ActiveCfg = Debug|Any CPU
		{8335329A-221F-43E4-8952-0DCD3CAB3EF2}.Debug|x86.Build.0 = Debug|Any CPU
		{8335329A-221F-43E4-8952-0DCD3CAB3EF2}.Release|Any CPU.ActiveCfg = Release|Any CPU
		{8335329A-221F-43E4-8952-0DCD3CAB3EF2}.Release|Any CPU.Build.0 = Release|Any CPU
		{8335329A-221F-43E4-8952-0DCD3CAB3EF2}.Release|x64.ActiveCfg = Release|Any CPU
		{8335329A-221F-43E4-8952-0DCD3CAB3EF2}.Release|x64.Build.0 = Release|Any CPU
		{8335329A-221F-43E4-8952-0DCD3CAB3EF2}.Release|x86.ActiveCfg = Release|Any CPU
		{8335329A-221F-43E4-8952-0DCD3CAB3EF2}.Release|x86.Build.0 = Release|Any CPU
		{F23D3AFE-1E3B-4B24-8D32-9BC596E02B80}.Debug|Any CPU.ActiveCfg = Debug|Any CPU
		{F23D3AFE-1E3B-4B24-8D32-9BC596E02B80}.Debug|Any CPU.Build.0 = Debug|Any CPU
		{F23D3AFE-1E3B-4B24-8D32-9BC596E02B80}.Debug|x64.ActiveCfg = Debug|Any CPU
		{F23D3AFE-1E3B-4B24-8D32-9BC596E02B80}.Debug|x64.Build.0 = Debug|Any CPU
		{F23D3AFE-1E3B-4B24-8D32-9BC596E02B80}.Debug|x86.ActiveCfg = Debug|Any CPU
		{F23D3AFE-1E3B-4B24-8D32-9BC596E02B80}.Debug|x86.Build.0 = Debug|Any CPU
		{F23D3AFE-1E3B-4B24-8D32-9BC596E02B80}.Release|Any CPU.ActiveCfg = Release|Any CPU
		{F23D3AFE-1E3B-4B24-8D32-9BC596E02B80}.Release|Any CPU.Build.0 = Release|Any CPU
		{F23D3AFE-1E3B-4B24-8D32-9BC596E02B80}.Release|x64.ActiveCfg = Release|Any CPU
		{F23D3AFE-1E3B-4B24-8D32-9BC596E02B80}.Release|x64.Build.0 = Release|Any CPU
		{F23D3AFE-1E3B-4B24-8D32-9BC596E02B80}.Release|x86.ActiveCfg = Release|Any CPU
		{F23D3AFE-1E3B-4B24-8D32-9BC596E02B80}.Release|x86.Build.0 = Release|Any CPU
		{71E3FC2C-A41F-45EF-9B96-2503A0220FD8}.Debug|Any CPU.ActiveCfg = Debug|Any CPU
		{71E3FC2C-A41F-45EF-9B96-2503A0220FD8}.Debug|Any CPU.Build.0 = Debug|Any CPU
		{71E3FC2C-A41F-45EF-9B96-2503A0220FD8}.Debug|x64.ActiveCfg = Debug|Any CPU
		{71E3FC2C-A41F-45EF-9B96-2503A0220FD8}.Debug|x64.Build.0 = Debug|Any CPU
		{71E3FC2C-A41F-45EF-9B96-2503A0220FD8}.Debug|x86.ActiveCfg = Debug|Any CPU
		{71E3FC2C-A41F-45EF-9B96-2503A0220FD8}.Debug|x86.Build.0 = Debug|Any CPU
		{71E3FC2C-A41F-45EF-9B96-2503A0220FD8}.Release|Any CPU.ActiveCfg = Release|Any CPU
		{71E3FC2C-A41F-45EF-9B96-2503A0220FD8}.Release|Any CPU.Build.0 = Release|Any CPU
		{71E3FC2C-A41F-45EF-9B96-2503A0220FD8}.Release|x64.ActiveCfg = Release|Any CPU
		{71E3FC2C-A41F-45EF-9B96-2503A0220FD8}.Release|x64.Build.0 = Release|Any CPU
		{71E3FC2C-A41F-45EF-9B96-2503A0220FD8}.Release|x86.ActiveCfg = Release|Any CPU
		{71E3FC2C-A41F-45EF-9B96-2503A0220FD8}.Release|x86.Build.0 = Release|Any CPU
	EndGlobalSection
	GlobalSection(SolutionProperties) = preSolution
		HideSolutionNode = FALSE
	EndGlobalSection
	GlobalSection(NestedProjects) = preSolution
		{C5A3B5EA-BE9F-76E5-E9B8-8A22B289B295} = {827E0CD3-B72D-47B6-A68D-7590B98EB39B}
		{C53F926E-EF29-395D-66B6-043B6FE31570} = {C5A3B5EA-BE9F-76E5-E9B8-8A22B289B295}
		{D883B493-5A57-46A1-80E8-F5BEF21B0AE3} = {C53F926E-EF29-395D-66B6-043B6FE31570}
		{61601BE2-3F22-4E1E-B8FB-FA55CF0C6984} = {C53F926E-EF29-395D-66B6-043B6FE31570}
		{85E1F352-B0C1-4D3F-B06D-1DA6AF325208} = {C53F926E-EF29-395D-66B6-043B6FE31570}
		{9C00C25A-F51A-44BF-9413-B34E7C68DD81} = {C53F926E-EF29-395D-66B6-043B6FE31570}
		{5A15E2A1-C6E7-4ABA-A527-CA79F9A125E7} = {C53F926E-EF29-395D-66B6-043B6FE31570}
		{781FC18C-0638-457C-A11A-BEF4C0761143} = {C53F926E-EF29-395D-66B6-043B6FE31570}
		{694FC6EE-2FA6-4B03-A0D0-6E8DF07C3900} = {C53F926E-EF29-395D-66B6-043B6FE31570}
		{99AB5269-F7DF-4A86-9AB4-F6FBEBB05615} = {C53F926E-EF29-395D-66B6-043B6FE31570}
		{50D04F13-400F-F4B4-D821-45A7B8E614AA} = {827E0CD3-B72D-47B6-A68D-7590B98EB39B}
		{0B5A866D-F688-45B2-9053-FA416B9425A2} = {50D04F13-400F-F4B4-D821-45A7B8E614AA}
		{8335329A-221F-43E4-8952-0DCD3CAB3EF2} = {0AB3BF05-4346-4AA6-1389-037BE0695223}
		{F23D3AFE-1E3B-4B24-8D32-9BC596E02B80} = {0AB3BF05-4346-4AA6-1389-037BE0695223}
		{71E3FC2C-A41F-45EF-9B96-2503A0220FD8} = {0AB3BF05-4346-4AA6-1389-037BE0695223}
	EndGlobalSection
EndGlobal
